{
    "_meta": {
        "hash": {
            "sha256": "0f3c66ab89120903e85feb14758f6947ed039e6aaf8f4bd6d59c85aeaab800df"
        },
        "pipfile-spec": 6,
        "requires": {
            "python_version": "3.6"
        },
        "sources": [
            {
                "name": "pypi",
                "url": "https://pypi.org/simple",
                "verify_ssl": true
            }
        ]
    },
    "default": {
        "cachecontrol": {
            "hashes": [
                "sha256:cef77effdf51b43178f6a2d3b787e3734f98ade253fa3187f3bb7315aaa42ff7"
            ],
            "version": "==0.12.5"
        },
        "cachetools": {
            "hashes": [
                "sha256:90f1d559512fc073483fe573ef5ceb39bf6ad3d39edc98dc55178a2b2b176fa3",
                "sha256:d1c398969c478d336f767ba02040fa22617333293fb0b8968e79b16028dfee35"
            ],
            "version": "==2.1.0"
        },
        "certifi": {
            "hashes": [
                "sha256:13e698f54293db9f89122b0581843a782ad0934a4fe0172d2a980ba77fc61bb7",
                "sha256:9fa520c1bacfb634fa7af20a76bcbd3d5fb390481724c597da32c719a7dca4b0"
            ],
            "version": "==2018.4.16"
        },
        "chardet": {
            "hashes": [
                "sha256:84ab92ed1c4d4f16916e05906b6b75a6c0fb5db821cc65e70cbd64a3e2a5eaae",
                "sha256:fc323ffcaeaed0e0a02bf4d117757b98aed530d9ed4531e3e15460124c106691"
            ],
            "version": "==3.0.4"
        },
        "click": {
            "hashes": [
                "sha256:29f99fc6125fbc931b758dc053b3114e55c77a6e4c6c3a2674a2dc986016381d",
                "sha256:f15516df478d5a56180fbf80e68f206010e6d160fc39fa508b65e035fd75130b"
            ],
            "version": "==6.7"
        },
        "firebase-admin": {
            "hashes": [
                "sha256:3cb554d14761aff095d52f845955591295baea0d93163ef912a446de004995f6",
                "sha256:dffb2f7aca1154fa5d85fe550b94d63f45279689fad6e6089a7a268257a7d6d4"
            ],
            "index": "pypi",
            "version": "==2.11.0"
        },
        "flask": {
            "hashes": [
                "sha256:2271c0070dbcb5275fad4a82e29f23ab92682dc45f9dfbc22c02ba9b9322ce48",
                "sha256:a080b744b7e345ccfcbc77954861cb05b3c63786e93f2b3875e0913d44b43f05"
            ],
            "index": "pypi",
            "version": "==1.0.2"
        },
        "flask-wtf": {
            "hashes": [
                "sha256:5d14d55cfd35f613d99ee7cba0fc3fbbe63ba02f544d349158c14ca15561cc36",
                "sha256:d9a9e366b32dcbb98ef17228e76be15702cd2600675668bca23f63a7947fd5ac"
            ],
            "index": "pypi",
            "version": "==0.14.2"
        },
        "google-api-core": {
            "hashes": [
                "sha256:370d5dc108ac5dfea2eee8ef32b77693444bf957d4657820d12596ca5082e8ae",
                "sha256:c11cdbb6781a2c26b4b3d7e7c07a4d3c166d7d4d2173fc5ca520798d2d19de62"
            ],
            "version": "==1.2.0"
        },
        "google-auth": {
            "hashes": [
                "sha256:1745c9066f698eac3da99cef082914495fb71bc09597ba7626efbbb64c4acc57",
                "sha256:82a34e1a59ad35f01484d283d2a36b7a24c8c404a03a71b3afddd0a4d31e169f"
            ],
            "version": "==1.5.0"
        },
        "google-cloud-core": {
            "hashes": [
                "sha256:0090df83dbc5cb2405fa90844366d13176d1c0b48181c1807ab15f53be403f73",
                "sha256:89e8140a288acec20c5e56159461d3afa4073570c9758c05d4e6cb7f2f8cc440"
            ],
            "version": "==0.28.1"
        },
        "google-cloud-firestore": {
            "hashes": [
                "sha256:a71e36aa39771e51555c3cd9a6bd86f0cc016cef203edda9b0e8fc25f2090211",
                "sha256:e34c3d45a3deb0af92cbde769f14ab54fdec7c5cd21b5f49a73cf9b9d3f8d342"
            ],
            "version": "==0.29.0"
        },
        "google-cloud-storage": {
            "hashes": [
                "sha256:6e53ee063e5075dc69322162fdf7e1b2a51eac82ec0449293e471fa8f36cdeba",
                "sha256:c1969558df8d7994cf4f89f60c01c619d77fc19facb38f66640d1f749a663e2e"
            ],
            "version": "==1.10.0"
        },
        "google-resumable-media": {
            "hashes": [
                "sha256:116de90b9cd483b17c53618ee6a5a20f33e741c648140c8cc9c2141e07616ff1",
                "sha256:97de518f8166d442cc0b61fab308bcd319dbb970981e667ec8ded44f5ce49836"
            ],
            "version": "==0.3.1"
        },
        "googleapis-common-protos": {
            "hashes": [
                "sha256:c075eddaa2628ab519e01b7d75b76e66c40eaa50fc52758d8225f84708950ef2"
            ],
            "version": "==1.5.3"
        },
        "grpcio": {
            "hashes": [
                "sha256:0feade5de967be3c9ee041662d1347fc537ad05ccbcf05bcf1efa05072bef926",
                "sha256:1ae02a9787cf2c5f25add0806f6271283b6074ab8619077d2b5c9037950c890b",
                "sha256:2d7215dca11ba4aa49cc6c05b37e4b0a0f99727c8604e8ccd5ef1f6e06332200",
                "sha256:35a4f6ffae88ce6a461e503ae91b62dc5c96013cafc717f2d7139686b5c39969",
                "sha256:3be7635b4308e06449b2275a5e96a030bbf82ba6797ae8947f14667491924d81",
                "sha256:3d1b3e7042a41b167334f718842f13deb80287886c9160efe31252602b13a128",
                "sha256:468d4ce007cb859d5f9440cf4a7461cc172fd07d690300f4db88afaa78f01003",
                "sha256:59a2fb52d286a38b9cbc7434eb473026fde0b20c223a10a99f5c3d4e395c2c2b",
                "sha256:59c7670c902acce952ba709d9126cda87a45d7fed6bd568868e74171e4acd7f7",
                "sha256:5b03fd3941c5e1a5deb01026bae025d319b38d3facb3e5fc491bca73e908d69e",
                "sha256:65842e698776f4e49f62346c0f80fc31b34907e0df4247650c643113ef167122",
                "sha256:68dbe71f890475e2824afbc5dc72714d1fca668bc15df0954bda4a8a5a53d0c7",
                "sha256:868973b64b7e2464e5297cc660da588c542c175e85f6d2f7490d86c0dd5dbb4c",
                "sha256:86f0c2062fde76789f7cdbf67d4ede116e7e1ceaf4c327fff7b9d17eb5852403",
                "sha256:9444863aaba55b662719e22680f11134182604619f241cc607020e5b3786f4cd",
                "sha256:9ac704e25d271af62c1ea72f1cb42ec7938f26f00314a8f324999ac5e1bf55eb",
                "sha256:a02ef0354fb455a9ce2ad869a40f28f20a64147d46557c59b7269a15832c36d2",
                "sha256:aabcdc960633231f9575252c061b480fc56a1ff6dcc7999fa5d4968f574d894f",
                "sha256:b47a19a3be2f9608b4296bd16374c9a922d3206cf0a917792801a5cef5a2fa23",
                "sha256:bf7bfe162057e6f1e3f4613b2a5f1157c8e286bddeaa40f7b8ce5054cb4b1413",
                "sha256:c3cf3f431b41c39aa1501458d0e46086e699836536af873fe028dda1dfc6bcbd",
                "sha256:cc7bd47eca988831d58a618908c825204d6ee8e90cdb9854a09b52a3b76ac168",
                "sha256:cde83440fb4691d1bd8620ea919a9bd3199e6725e72d2c0d94898a2774c255ee",
                "sha256:e1a03666852b956f7949c2a7f187dd54406cae2874c2ce26c1a0dafddf812cb2",
                "sha256:e322eb5dc533cfbf21a9e964ebab80da391a26234a82288bfce505058913dfac",
                "sha256:f0169d98670ef1db52e4f6930fd470c34731948350cabbe93087a8462b1f1da4",
                "sha256:f14faadfd09aa8526536cd2149e274563f45b767fca1736ccc53803a6af3f90e"
            ],
            "version": "==1.12.1"
        },
        "idna": {
            "hashes": [
                "sha256:156a6814fb5ac1fc6850fb002e0852d56c0c8d2531923a51032d1b70760e186e",
                "sha256:684a38a6f903c1d71d6d5fac066b58d7768af4de2b832e426ec79c30daa94a16"
            ],
            "version": "==2.7"
        },
        "itsdangerous": {
            "hashes": [
                "sha256:cbb3fcf8d3e33df861709ecaf89d9e6629cff0a217bc2848f1b41cd30d360519"
            ],
            "version": "==0.24"
        },
        "jinja2": {
            "hashes": [
                "sha256:74c935a1b8bb9a3947c50a54766a969d4846290e1e788ea44c1392163723c3bd",
                "sha256:f84be1bb0040caca4cea721fcbbbbd61f9be9464ca236387158b0feea01914a4"
            ],
            "version": "==2.10"
        },
        "markupsafe": {
            "hashes": [
                "sha256:a6be69091dac236ea9c6bc7d012beab42010fa914c459791d627dad4910eb665"
            ],
            "version": "==1.0"
        },
        "msgpack": {
            "hashes": [
                "sha256:0b3b1773d2693c70598585a34ca2715873ba899565f0a7c9a1545baef7e7fbdc",
                "sha256:0bae5d1538c5c6a75642f75a1781f3ac2275d744a92af1a453c150da3446138b",
                "sha256:0ee8c8c85aa651be3aa0cd005b5931769eaa658c948ce79428766f1bd46ae2c3",
                "sha256:1369f9edba9500c7a6489b70fdfac773e925342f4531f1e3d4c20ac3173b1ae0",
                "sha256:22d9c929d1d539f37da3d1b0e16270fa9d46107beab8c0d4d2bddffffe895cee",
                "sha256:2ff43e3247a1e11d544017bb26f580a68306cec7a6257d8818893c1fda665f42",
                "sha256:31a98047355d34d047fcdb55b09cb19f633cf214c705a765bd745456c142130c",
                "sha256:8767eb0032732c3a0da92cbec5ac186ef89a3258c6edca09161472ca0206c45f",
                "sha256:8acc8910218555044e23826980b950e96685dc48124a290c86f6f41a296ea172",
                "sha256:ab189a6365be1860a5ecf8159c248f12d33f79ea799ae9695fa6a29896dcf1d4",
                "sha256:cfd6535feb0f1cf1c7cdb25773e965cc9f92928244a8c3ef6f8f8a8e1f7ae5c4",
                "sha256:e274cd4480d8c76ec467a85a9c6635bbf2258f0649040560382ab58cabb44bcf",
                "sha256:f86642d60dca13e93260187d56c2bef2487aa4d574a669e8ceefcf9f4c26fd00",
                "sha256:f8a57cbda46a94ed0db55b73e6ab0c15e78b4ede8690fa491a0e55128d552bb0",
                "sha256:fcea97a352416afcbccd7af9625159d80704a25c519c251c734527329bb20d0e"
            ],
            "version": "==0.5.6"
        },
        "protobuf": {
            "hashes": [
                "sha256:12985d9f40c104da2f44ec089449214876809b40fdc5d9e43b93b512b9e74056",
                "sha256:12c97fe27af12fc5d66b23f905ab09dd4fb0c68d5a74a419d914580e6d2e71e3",
                "sha256:327fb9d8a8247bc780b9ea7ed03c0643bc0d22c139b761c9ec1efc7cc3f0923e",
                "sha256:3895319db04c0b3baed74fb66be7ba9f4cd8e88a432b8e71032cdf08b2dfee23",
                "sha256:695072063e256d32335d48b9484451f7c7948edc3dbd419469d6a778602682fc",
                "sha256:7d786f3ef5b33a04e6538089674f244a3b0f588155016559d950989010af97d0",
                "sha256:8bf82bb7a466a54be7272dcb492f71d55a2453a58d862fb74c3f2083f2768543",
                "sha256:9bbc1ae1c33c1bd3a2fc05a3aec328544d2b039ff0ce6f000063628a32fad777",
                "sha256:9e992c68103ab5635728d29fcf132c669cb4e2db24d012685210276185009d17",
                "sha256:9f1087abb67b34e55108bc610936b34363a7aac692023bcbb17e065c253a1f80",
                "sha256:9fefcb92a3784b446abf3641d9a14dad815bee88e0edd10b9a9e0e144d01a991",
                "sha256:a37836aa47d1b81c2db1a6b7a5e79926062b5d76bd962115a0e615551be2b48d",
                "sha256:cca22955443c55cf86f963a4ad7057bca95e4dcde84d6a493066d380cfab3bb0",
                "sha256:d7ac50bc06d31deb07ace6de85556c1d7330e5c0958f3b2af85037d6d1182abf",
                "sha256:dfe6899304b898538f4dc94fa0b281b56b70e40f58afa4c6f807805261cbe2e8"
            ],
            "version": "==3.6.0"
        },
        "pyasn1": {
            "hashes": [
                "sha256:2f57960dc7a2820ea5a1782b872d974b639aa3b448ac6628d1ecc5d0fe3986f2",
                "sha256:3651774ca1c9726307560792877db747ba5e8a844ea1a41feb7670b319800ab3",
                "sha256:602fda674355b4701acd7741b2be5ac188056594bf1eecf690816d944e52905e",
                "sha256:8fb265066eac1d3bb5015c6988981b009ccefd294008ff7973ed5f64335b0f2d",
                "sha256:9334cb427609d2b1e195bb1e251f99636f817d7e3e1dffa150cb3365188fb992",
                "sha256:9a15cc13ff6bf5ed29ac936ca941400be050dff19630d6cd1df3fb978ef4c5ad",
                "sha256:a66dcda18dbf6e4663bde70eb30af3fc4fe1acb2d14c4867a861681887a5f9a2",
                "sha256:ba77f1e8d7d58abc42bfeddd217b545fdab4c1eeb50fd37c2219810ad56303bf",
                "sha256:cdc8eb2eaafb56de66786afa6809cd9db2df1b3b595dcb25aa5b9dc61189d40a",
                "sha256:d01fbba900c80b42af5c3fe1a999acf61e27bf0e452e0f1ef4619065e57622da",
                "sha256:f281bf11fe204f05859225ec2e9da7a7c140b65deccd8a4eb0bc75d0bd6949e0",
                "sha256:fb81622d8f3509f0026b0683fe90fea27be7284d3826a5f2edf97f69151ab0fc"
            ],
            "version": "==0.4.3"
        },
        "pyasn1-modules": {
            "hashes": [
                "sha256:041e9fbafac548d095f5b6c3b328b80792f006196e15a232b731a83c93d59493",
                "sha256:0cdca76a68dcb701fff58c397de0ef9922b472b1cb3ea9695ca19d03f1869787",
                "sha256:0cea139045c38f84abaa803bcb4b5e8775ea12a42af10019d942f227acc426c3",
                "sha256:0f2e50d20bc670be170966638fa0ae603f0bc9ed6ebe8e97a6d1d4cef30cc889",
                "sha256:47fb6757ab78fe966e7c58b2030b546854f78416d653163f0ce9290cf2278e8b",
                "sha256:598a6004ec26a8ab40a39ea955068cf2a3949ad9c0030da970f2e1ca4c9f1cc9",
                "sha256:72fd8b0c11191da088147c6e4678ec53e573923ecf60b57eeac9e97433e09fc2",
                "sha256:854700bbdd01394e2ada9c1bfbd0ed9f5d0c551350dbbd023e88b11d2771ae06",
                "sha256:af00ea8f2022b6287dc375b2c70f31ab5af83989fc6fe9eacd4976ce26cd7ccc",
                "sha256:b1f395cae2d669e0830cb023aa86f9f283b7a9aa32317d7f80d8e78aa2745812",
                "sha256:c6747146e95d2b14cc2a8399b2b0bde3f93778f8f9ec704690d2b589c376c137",
                "sha256:f53fe5bcebdf318f51399b250fe8325ef3a26d927f012cc0c8e0f9e9af7f9deb"
            ],
            "version": "==0.2.1"
        },
        "python-firebase": {
            "hashes": [
                "sha256:824b45947611325fab0c9c7ce6b15f0f31c387b7873a90664601c7427baede0f"
            ],
            "index": "pypi",
            "version": "==1.2"
        },
        "pytz": {
            "hashes": [
                "sha256:65ae0c8101309c45772196b21b74c46b2e5d11b6275c45d251b150d5da334555",
                "sha256:c06425302f2cf668f1bba7a0a03f3c1d34d4ebeef2c72003da308b3947c7f749"
            ],
            "version": "==2018.4"
        },
        "requests": {
            "hashes": [
                "sha256:421cfc8d9dde7d6aff68196420afd86b88c65d77d8da9cf83f4ecad785d7b9d6",
                "sha256:cc408268d0e21589bcc2b2c248e42932b8c4d112f499c12c92e99e2178a6134c"
            ],
            "version": "==2.19.0"
        },
        "rsa": {
            "hashes": [
                "sha256:25df4e10c263fb88b5ace923dd84bf9aa7f5019687b5e55382ffcdb8bede9db5",
                "sha256:43f682fea81c452c98d09fc316aae12de6d30c4b5c84226642cf8f8fd1c93abd"
            ],
            "version": "==3.4.2"
        },
        "six": {
            "hashes": [
                "sha256:70e8a77beed4562e7f14fe23a786b54f6296e34344c23bc42f07b15018ff98e9",
                "sha256:832dc0e10feb1aa2c68dcc57dbb658f1c7e65b9b61af69048abc87a2db00a0eb"
            ],
            "version": "==1.11.0"
        },
        "urllib3": {
            "hashes": [
                "sha256:a68ac5e15e76e7e5dd2b8f94007233e01effe3e50e8daddf69acfd81cb686baf",
                "sha256:b5725a0bd4ba422ab0e66e89e030c806576753ea3ee08554382c14e685d117b5"
            ],
            "version": "==1.23"
        },
        "werkzeug": {
            "hashes": [
                "sha256:c3fd7a7d41976d9f44db327260e263132466836cef6f91512889ed60ad26557c",
                "sha256:d5da73735293558eb1651ee2fddc4d0dedcfa06538b8813a2e20011583c9e49b"
            ],
            "version": "==0.14.1"
        },
        "wtforms": {
            "hashes": [
                "sha256:0cdbac3e7f6878086c334aa25dc5a33869a3954e9d1e015130d65a69309b3b61",
                "sha256:e3ee092c827582c50877cdbd49e9ce6d2c5c1f6561f849b3b068c1b8029626f1"
            ],
            "index": "pypi",
            "version": "==2.2.1"
        }
    },
    "develop": {}
}
